
Microsoft Visual Studio Solution File, Format Version 12.00
# Visual Studio Version 18
VisualStudioVersion = 18.6.11828.311 oobstable
MinimumVisualStudioVersion = 10.0.40219.1
Project("{FAE04EC0-301F-11D3-BF4B-00C04F79EFBC}") = "MoviePlatformAPI", "MoviePlatformAPI\MoviePlatformAPI.csproj", "{CBE32B47-821C-435A-8E1A-4203775B1B3E}"
EndProject
Project("{FAE04EC0-301F-11D3-BF4B-00C04F79EFBC}") = "MoviePlatform.Tests", "MoviePlatform.Tests\MoviePlatform.Tests.csproj", "{17E95EC4-96B4-461E-9C79-36A1F362BCCA}"
EndProject
Project("{E53339B2-1760-4266-BCC7-CA923CBCF16C}") = "docker-compose", "docker-compose.dcproj", "{81DDED9D-158B-E303-5F62-77A2896D2A5A}"
EndProject
Global
	GlobalSection(SolutionConfigurationPlatforms) = preSolution
		Debug|Any CPU = Debug|Any CPU
		Release|Any CPU = Release|Any CPU
	EndGlobalSection
	GlobalSection(ProjectConfigurationPlatforms) = postSolution
		{CBE32B47-821C-435A-8E1A-4203775B1B3E}.Debug|Any CPU.ActiveCfg = Debug|Any CPU
		{CBE32B47-821C-435A-8E1A-4203775B1B3E}.Debug|Any CPU.Build.0 = Debug|Any CPU
		{CBE32B47-821C-435A-8E1A-4203775B1B3E}.Release|Any CPU.ActiveCfg = Release|Any CPU
		{CBE32B47-821C-435A-8E1A-4203775B1B3E}.Release|Any CPU.Build.0 = Release|Any CPU
		{17E95EC4-96B4-461E-9C79-36A1F362BCCA}.Debug|Any CPU.ActiveCfg = Debug|Any CPU
		{17E95EC4-96B4-461E-9C79-36A1F362BCCA}.Debug|Any CPU.Build.0 = Debug|Any CPU
		{17E95EC4-96B4-461E-9C79-36A1F362BCCA}.Release|Any CPU.ActiveCfg = Release|Any CPU
		{17E95EC4-96B4-461E-9C79-36A1F362BCCA}.Release|Any CPU.Build.0 = Release|Any CPU
		{81DDED9D-158B-E303-5F62-77A2896D2A5A}.Debug|Any CPU.ActiveCfg = Debug|Any CPU
		{81DDED9D-158B-E303-5F62-77A2896D2A5A}.Debug|Any CPU.Build.0 = Debug|Any CPU
		{81DDED9D-158B-E303-5F62-77A2896D2A5A}.Release|Any CPU.ActiveCfg = Release|Any CPU
		{81DDED9D-158B-E303-5F62-77A2896D2A5A}.Release|Any CPU.Build.0 = Release|Any CPU
	EndGlobalSection
	GlobalSection(SolutionProperties) = preSolution
		HideSolutionNode = FALSE
	EndGlobalSection
EndGlobal
